
Microsoft Visual Studio Solution File, Format Version 12.00
# Visual Studio Version 16
VisualStudioVersion = 16.0.30503.244
MinimumVisualStudioVersion = 10.0.40219.1
Project("{FAE04EC0-301F-11D3-BF4B-00C04F79EFBC}") = "ProjetSimulationReseaux", "ProjetSimulationReseaux.csproj", "{DF4BA344-77D3-462E-B207-1CA3B9102111}"
EndProject
Global
	GlobalSection(SolutionConfigurationPlatforms) = preSolution
		Debug|Any CPU = Debug|Any CPU
		Release|Any CPU = Release|Any CPU
	EndGlobalSection
	GlobalSection(ProjectConfigurationPlatforms) = postSolution
		{DF4BA344-77D3-462E-B207-1CA3B9102111}.Debug|Any CPU.ActiveCfg = Debug|Any CPU
		{DF4BA344-77D3-462E-B207-1CA3B9102111}.Debug|Any CPU.Build.0 = Debug|Any CPU
		{DF4BA344-77D3-462E-B207-1CA3B9102111}.Release|Any CPU.ActiveCfg = Release|Any CPU
		{DF4BA344-77D3-462E-B207-1CA3B9102111}.Release|Any CPU.Build.0 = Release|Any CPU
	EndGlobalSection
	GlobalSection(SolutionProperties) = preSolution
		HideSolutionNode = FALSE
	EndGlobalSection
	GlobalSection(ExtensibilityGlobals) = postSolution
		SolutionGuid = {F1A95209-A5C1-48AB-AEA9-BE2A499418F0}
	EndGlobalSection
EndGlobal
